
Microsoft Visual Studio Solution File, Format Version 12.00
# Visual Studio 2015
Project("{FAE04EC0-301F-11D3-BF4B-00C04F79EFBC}") = "Mad Traxx.CSharp.Plugins", "Mad Traxx.CSharp.Plugins.csproj", "{9CF1249F-8D11-1166-1CD9-858CEB472FA1}"
EndProject
Project("{FAE04EC0-301F-11D3-BF4B-00C04F79EFBC}") = "Mad Traxx.CSharp", "Mad Traxx.CSharp.csproj", "{4133BCAC-212B-D619-8392-D44A58BB03BA}"
EndProject
Project("{FAE04EC0-301F-11D3-BF4B-00C04F79EFBC}") = "Mad Traxx.CSharp.Editor", "Mad Traxx.CSharp.Editor.csproj", "{07F3FE79-5FEE-5B38-EF28-E548BB555831}"
EndProject
Global
	GlobalSection(SolutionConfigurationPlatforms) = preSolution
		Debug|Any CPU = Debug|Any CPU
		Release|Any CPU = Release|Any CPU
	EndGlobalSection
	GlobalSection(ProjectConfigurationPlatforms) = postSolution
		{9CF1249F-8D11-1166-1CD9-858CEB472FA1}.Debug|Any CPU.ActiveCfg = Debug|Any CPU
		{9CF1249F-8D11-1166-1CD9-858CEB472FA1}.Debug|Any CPU.Build.0 = Debug|Any CPU
		{9CF1249F-8D11-1166-1CD9-858CEB472FA1}.Release|Any CPU.ActiveCfg = Release|Any CPU
		{9CF1249F-8D11-1166-1CD9-858CEB472FA1}.Release|Any CPU.Build.0 = Release|Any CPU
		{4133BCAC-212B-D619-8392-D44A58BB03BA}.Debug|Any CPU.ActiveCfg = Debug|Any CPU
		{4133BCAC-212B-D619-8392-D44A58BB03BA}.Debug|Any CPU.Build.0 = Debug|Any CPU
		{4133BCAC-212B-D619-8392-D44A58BB03BA}.Release|Any CPU.ActiveCfg = Release|Any CPU
		{4133BCAC-212B-D619-8392-D44A58BB03BA}.Release|Any CPU.Build.0 = Release|Any CPU
		{07F3FE79-5FEE-5B38-EF28-E548BB555831}.Debug|Any CPU.ActiveCfg = Debug|Any CPU
		{07F3FE79-5FEE-5B38-EF28-E548BB555831}.Debug|Any CPU.Build.0 = Debug|Any CPU
		{07F3FE79-5FEE-5B38-EF28-E548BB555831}.Release|Any CPU.ActiveCfg = Release|Any CPU
		{07F3FE79-5FEE-5B38-EF28-E548BB555831}.Release|Any CPU.Build.0 = Release|Any CPU
	EndGlobalSection
	GlobalSection(SolutionProperties) = preSolution
		HideSolutionNode = FALSE
	EndGlobalSection
EndGlobal
